
Microsoft Visual Studio Solution File, Format Version 12.00
# Visual Studio Version 17
VisualStudioVersion = 17.3.32922.545
MinimumVisualStudioVersion = 10.0.40219.1
Project("{2150E333-8FDC-42A3-9474-1A3956D46DE8}") = "src", "src", "{93FB3BFD-FB0F-40BF-9B97-CDC4E6E100F7}"
	ProjectSection(SolutionItems) = preProject
		ReadMe.md = ReadMe.md
	EndProjectSection
EndProject
Project("{2150E333-8FDC-42A3-9474-1A3956D46DE8}") = "Api", "Api", "{443F841E-0CC5-4682-AC7E-61024045B95B}"
EndProject
Project("{2150E333-8FDC-42A3-9474-1A3956D46DE8}") = "Common", "Common", "{35AD45E6-48A4-41E6-BD1B-4F94E4F7F6AE}"
EndProject
Project("{2150E333-8FDC-42A3-9474-1A3956D46DE8}") = "Projections", "Projections", "{1F6CBFC6-43DA-493A-B86F-1247D90579AA}"
EndProject
Project("{2150E333-8FDC-42A3-9474-1A3956D46DE8}") = "Core", "Core", "{3171BA9B-0EAA-4441-9FAF-D9124BF04B19}"
EndProject
Project("{2150E333-8FDC-42A3-9474-1A3956D46DE8}") = "Infrastructure", "Infrastructure", "{14B8D9B1-993F-46A7-947E-4EDD900658DA}"
EndProject
Project("{2150E333-8FDC-42A3-9474-1A3956D46DE8}") = "WebApi", "WebApi", "{8CE675D7-4EA2-4353-8705-0D337F9CB810}"
EndProject
Project("{9A19103F-16F7-4668-BE54-9A1E7A4F7556}") = "OncuService.Common", "src\Common\OncuService.Common\OncuService.Common.csproj", "{263B2BC5-F9D7-4B27-A4DB-8D21C6A9379D}"
EndProject
Project("{9A19103F-16F7-4668-BE54-9A1E7A4F7556}") = "OncuService.Api.Domain", "src\Api\Core\OncuService.Api.Domain\OncuService.Api.Domain.csproj", "{B6B4365B-E66E-417E-BD51-9C92026C11CF}"
EndProject
Project("{9A19103F-16F7-4668-BE54-9A1E7A4F7556}") = "OncuService.Api.Application", "src\Api\Core\OncuService.Api.Application\OncuService.Api.Application.csproj", "{14CBF6B2-1750-401E-94D0-D9D4F8AAF2F2}"
EndProject
Project("{9A19103F-16F7-4668-BE54-9A1E7A4F7556}") = "OncuService.Api.Infrastructure.Persistence", "src\Api\Infrastructure\OncuService.Api.Infrastructure.Persistence\OncuService.Api.Infrastructure.Persistence.csproj", "{90905A0B-84AB-4CE5-8DDD-10B47ECA06BE}"
EndProject
Project("{9A19103F-16F7-4668-BE54-9A1E7A4F7556}") = "OncuService.Api.WebApi", "src\Api\WebApi\OncuService.Api.WebApi\OncuService.Api.WebApi.csproj", "{CC0229CF-B6DC-43D6-B74C-A3854BFD0A1A}"
EndProject
Project("{9A19103F-16F7-4668-BE54-9A1E7A4F7556}") = "OncuService.Projections.MailService", "src\Projections\OncuService.Projections.MailService\OncuService.Projections.MailService.csproj", "{6E644F86-C68C-4581-A89A-D14D348EAB6F}"
EndProject
Project("{9A19103F-16F7-4668-BE54-9A1E7A4F7556}") = "OncuService.Projections.SmsService", "src\Projections\OncuService.Projections.SmsService\OncuService.Projections.SmsService.csproj", "{18E329D9-A203-4C43-BEE0-5D34AAB3E1A5}"
EndProject
Project("{2150E333-8FDC-42A3-9474-1A3956D46DE8}") = "Services", "Services", "{2B253600-C6D2-4EC5-AA7D-BD80D8BDDAC2}"
EndProject
Project("{2150E333-8FDC-42A3-9474-1A3956D46DE8}") = "LogoService", "LogoService", "{E58D40AB-4D3E-40B1-A549-A63AF11A2FC2}"
EndProject
Project("{9A19103F-16F7-4668-BE54-9A1E7A4F7556}") = "LogoService.Api", "src\Services\LogoService\LogoService.Api\LogoService.Api.csproj", "{D017D267-81FD-465C-8860-07DF0B80460F}"
EndProject
Project("{9A19103F-16F7-4668-BE54-9A1E7A4F7556}") = "LogoService.Application", "src\Services\LogoService\LogoService.Application\LogoService.Application.csproj", "{598EDFE9-AC9B-4C8F-A06D-8148242372C6}"
EndProject
Project("{9A19103F-16F7-4668-BE54-9A1E7A4F7556}") = "LogoService.Domain", "src\Services\LogoService\LogoService.Domain\LogoService.Domain.csproj", "{82E99671-1B39-4EFC-9C31-DAD1C9310476}"
EndProject
Project("{9A19103F-16F7-4668-BE54-9A1E7A4F7556}") = "LogoService.Infrastructure", "src\Services\LogoService\LogoService.Infrastructure\LogoService.Infrastructure.csproj", "{7B9874E6-10A3-41BB-942B-24938EBAF364}"
EndProject
Project("{9A19103F-16F7-4668-BE54-9A1E7A4F7556}") = "LogoService.Models", "src\Services\LogoService\LogoService.Models\LogoService.Models.csproj", "{BC40B88A-18CD-49D5-AD63-3D07AD9FEAAC}"
EndProject
Project("{2150E333-8FDC-42A3-9474-1A3956D46DE8}") = "OpencartService", "OpencartService", "{CE1D106F-04A4-4666-BC4D-C03ACC787260}"
EndProject
Project("{9A19103F-16F7-4668-BE54-9A1E7A4F7556}") = "OpencartService", "src\Services\OpencartService\OpencartService\OpencartService.csproj", "{7380B40E-75C1-4FA6-ACA6-B08F6514055F}"
EndProject
Project("{2150E333-8FDC-42A3-9474-1A3956D46DE8}") = "EventBus", "EventBus", "{568CA85E-4038-4F17-90B5-1971891AA708}"
EndProject
Project("{FAE04EC0-301F-11D3-BF4B-00C04F79EFBC}") = "OncuService.EventBus.Base", "src\EventBus\OncuService.EventBus.Base\OncuService.EventBus.Base.csproj", "{EF312B0D-9309-4EA4-9573-4CD923D72F69}"
EndProject
Project("{FAE04EC0-301F-11D3-BF4B-00C04F79EFBC}") = "OncuService.EventBus.RabbitMQ", "src\EventBus\OncuService.EventBus.RabbitMQ\OncuService.EventBus.RabbitMQ.csproj", "{ABF33F1D-5010-4833-9F4C-D7C2E27CE82A}"
EndProject
Project("{FAE04EC0-301F-11D3-BF4B-00C04F79EFBC}") = "OncuService.EventBus.Factory", "src\EventBus\OncuService.EventBus.Factory\OncuService.EventBus.Factory.csproj", "{5DEAFD57-9492-4C69-9E90-155B7FEBE1C4}"
EndProject
Global
	GlobalSection(SolutionConfigurationPlatforms) = preSolution
		Debug|Any CPU = Debug|Any CPU
		Debug|x64 = Debug|x64
		Debug|x86 = Debug|x86
		Release|Any CPU = Release|Any CPU
		Release|x64 = Release|x64
		Release|x86 = Release|x86
	EndGlobalSection
	GlobalSection(ProjectConfigurationPlatforms) = postSolution
		{263B2BC5-F9D7-4B27-A4DB-8D21C6A9379D}.Debug|Any CPU.ActiveCfg = Debug|Any CPU
		{263B2BC5-F9D7-4B27-A4DB-8D21C6A9379D}.Debug|Any CPU.Build.0 = Debug|Any CPU
		{263B2BC5-F9D7-4B27-A4DB-8D21C6A9379D}.Debug|x64.ActiveCfg = Debug|Any CPU
		{263B2BC5-F9D7-4B27-A4DB-8D21C6A9379D}.Debug|x64.Build.0 = Debug|Any CPU
		{263B2BC5-F9D7-4B27-A4DB-8D21C6A9379D}.Debug|x86.ActiveCfg = Debug|Any CPU
		{263B2BC5-F9D7-4B27-A4DB-8D21C6A9379D}.Debug|x86.Build.0 = Debug|Any CPU
		{263B2BC5-F9D7-4B27-A4DB-8D21C6A9379D}.Release|Any CPU.ActiveCfg = Release|Any CPU
		{263B2BC5-F9D7-4B27-A4DB-8D21C6A9379D}.Release|Any CPU.Build.0 = Release|Any CPU
		{263B2BC5-F9D7-4B27-A4DB-8D21C6A9379D}.Release|x64.ActiveCfg = Release|Any CPU
		{263B2BC5-F9D7-4B27-A4DB-8D21C6A9379D}.Release|x64.Build.0 = Release|Any CPU
		{263B2BC5-F9D7-4B27-A4DB-8D21C6A9379D}.Release|x86.ActiveCfg = Release|Any CPU
		{263B2BC5-F9D7-4B27-A4DB-8D21C6A9379D}.Release|x86.Build.0 = Release|Any CPU
		{B6B4365B-E66E-417E-BD51-9C92026C11CF}.Debug|Any CPU.ActiveCfg = Debug|Any CPU
		{B6B4365B-E66E-417E-BD51-9C92026C11CF}.Debug|Any CPU.Build.0 = Debug|Any CPU
		{B6B4365B-E66E-417E-BD51-9C92026C11CF}.Debug|x64.ActiveCfg = Debug|Any CPU
		{B6B4365B-E66E-417E-BD51-9C92026C11CF}.Debug|x64.Build.0 = Debug|Any CPU
		{B6B4365B-E66E-417E-BD51-9C92026C11CF}.Debug|x86.ActiveCfg = Debug|Any CPU
		{B6B4365B-E66E-417E-BD51-9C92026C11CF}.Debug|x86.Build.0 = Debug|Any CPU
		{B6B4365B-E66E-417E-BD51-9C92026C11CF}.Release|Any CPU.ActiveCfg = Release|Any CPU
		{B6B4365B-E66E-417E-BD51-9C92026C11CF}.Release|Any CPU.Build.0 = Release|Any CPU
		{B6B4365B-E66E-417E-BD51-9C92026C11CF}.Release|x64.ActiveCfg = Release|Any CPU
		{B6B4365B-E66E-417E-BD51-9C92026C11CF}.Release|x64.Build.0 = Release|Any CPU
		{B6B4365B-E66E-417E-BD51-9C92026C11CF}.Release|x86.ActiveCfg = Release|Any CPU
		{B6B4365B-E66E-417E-BD51-9C92026C11CF}.Release|x86.Build.0 = Release|Any CPU
		{14CBF6B2-1750-401E-94D0-D9D4F8AAF2F2}.Debug|Any CPU.ActiveCfg = Debug|Any CPU
		{14CBF6B2-1750-401E-94D0-D9D4F8AAF2F2}.Debug|Any CPU.Build.0 = Debug|Any CPU
		{14CBF6B2-1750-401E-94D0-D9D4F8AAF2F2}.Debug|x64.ActiveCfg = Debug|Any CPU
		{14CBF6B2-1750-401E-94D0-D9D4F8AAF2F2}.Debug|x64.Build.0 = Debug|Any CPU
		{14CBF6B2-1750-401E-94D0-D9D4F8AAF2F2}.Debug|x86.ActiveCfg = Debug|Any CPU
		{14CBF6B2-1750-401E-94D0-D9D4F8AAF2F2}.Debug|x86.Build.0 = Debug|Any CPU
		{14CBF6B2-1750-401E-94D0-D9D4F8AAF2F2}.Release|Any CPU.ActiveCfg = Release|Any CPU
		{14CBF6B2-1750-401E-94D0-D9D4F8AAF2F2}.Release|Any CPU.Build.0 = Release|Any CPU
		{14CBF6B2-1750-401E-94D0-D9D4F8AAF2F2}.Release|x64.ActiveCfg = Release|Any CPU
		{14CBF6B2-1750-401E-94D0-D9D4F8AAF2F2}.Release|x64.Build.0 = Release|Any CPU
		{14CBF6B2-1750-401E-94D0-D9D4F8AAF2F2}.Release|x86.ActiveCfg = Release|Any CPU
		{14CBF6B2-1750-401E-94D0-D9D4F8AAF2F2}.Release|x86.Build.0 = Release|Any CPU
		{90905A0B-84AB-4CE5-8DDD-10B47ECA06BE}.Debug|Any CPU.ActiveCfg = Debug|Any CPU
		{90905A0B-84AB-4CE5-8DDD-10B47ECA06BE}.Debug|Any CPU.Build.0 = Debug|Any CPU
		{90905A0B-84AB-4CE5-8DDD-10B47ECA06BE}.Debug|x64.ActiveCfg = Debug|Any CPU
		{90905A0B-84AB-4CE5-8DDD-10B47ECA06BE}.Debug|x64.Build.0 = Debug|Any CPU
		{90905A0B-84AB-4CE5-8DDD-10B47ECA06BE}.Debug|x86.ActiveCfg = Debug|Any CPU
		{90905A0B-84AB-4CE5-8DDD-10B47ECA06BE}.Debug|x86.Build.0 = Debug|Any CPU
		{90905A0B-84AB-4CE5-8DDD-10B47ECA06BE}.Release|Any CPU.ActiveCfg = Release|Any CPU
		{90905A0B-84AB-4CE5-8DDD-10B47ECA06BE}.Release|Any CPU.Build.0 = Release|Any CPU
		{90905A0B-84AB-4CE5-8DDD-10B47ECA06BE}.Release|x64.ActiveCfg = Release|Any CPU
		{90905A0B-84AB-4CE5-8DDD-10B47ECA06BE}.Release|x64.Build.0 = Release|Any CPU
		{90905A0B-84AB-4CE5-8DDD-10B47ECA06BE}.Release|x86.ActiveCfg = Release|Any CPU
		{90905A0B-84AB-4CE5-8DDD-10B47ECA06BE}.Release|x86.Build.0 = Release|Any CPU
		{CC0229CF-B6DC-43D6-B74C-A3854BFD0A1A}.Debug|Any CPU.ActiveCfg = Debug|Any CPU
		{CC0229CF-B6DC-43D6-B74C-A3854BFD0A1A}.Debug|Any CPU.Build.0 = Debug|Any CPU
		{CC0229CF-B6DC-43D6-B74C-A3854BFD0A1A}.Debug|x64.ActiveCfg = Debug|Any CPU
		{CC0229CF-B6DC-43D6-B74C-A3854BFD0A1A}.Debug|x64.Build.0 = Debug|Any CPU
		{CC0229CF-B6DC-43D6-B74C-A3854BFD0A1A}.Debug|x86.ActiveCfg = Debug|Any CPU
		{CC0229CF-B6DC-43D6-B74C-A3854BFD0A1A}.Debug|x86.Build.0 = Debug|Any CPU
		{CC0229CF-B6DC-43D6-B74C-A3854BFD0A1A}.Release|Any CPU.ActiveCfg = Release|Any CPU
		{CC0229CF-B6DC-43D6-B74C-A3854BFD0A1A}.Release|Any CPU.Build.0 = Release|Any CPU
		{CC0229CF-B6DC-43D6-B74C-A3854BFD0A1A}.Release|x64.ActiveCfg = Release|Any CPU
		{CC0229CF-B6DC-43D6-B74C-A3854BFD0A1A}.Release|x64.Build.0 = Release|Any CPU
		{CC0229CF-B6DC-43D6-B74C-A3854BFD0A1A}.Release|x86.ActiveCfg = Release|Any CPU
		{CC0229CF-B6DC-43D6-B74C-A3854BFD0A1A}.Release|x86.Build.0 = Release|Any CPU
		{6E644F86-C68C-4581-A89A-D14D348EAB6F}.Debug|Any CPU.ActiveCfg = Debug|Any CPU
		{6E644F86-C68C-4581-A89A-D14D348EAB6F}.Debug|Any CPU.Build.0 = Debug|Any CPU
		{6E644F86-C68C-4581-A89A-D14D348EAB6F}.Debug|x64.ActiveCfg = Debug|Any CPU
		{6E644F86-C68C-4581-A89A-D14D348EAB6F}.Debug|x64.Build.0 = Debug|Any CPU
		{6E644F86-C68C-4581-A89A-D14D348EAB6F}.Debug|x86.ActiveCfg = Debug|Any CPU
		{6E644F86-C68C-4581-A89A-D14D348EAB6F}.Debug|x86.Build.0 = Debug|Any CPU
		{6E644F86-C68C-4581-A89A-D14D348EAB6F}.Release|Any CPU.ActiveCfg = Release|Any CPU
		{6E644F86-C68C-4581-A89A-D14D348EAB6F}.Release|Any CPU.Build.0 = Release|Any CPU
		{6E644F86-C68C-4581-A89A-D14D348EAB6F}.Release|x64.ActiveCfg = Release|Any CPU
		{6E644F86-C68C-4581-A89A-D14D348EAB6F}.Release|x64.Build.0 = Release|Any CPU
		{6E644F86-C68C-4581-A89A-D14D348EAB6F}.Release|x86.ActiveCfg = Release|Any CPU
		{6E644F86-C68C-4581-A89A-D14D348EAB6F}.Release|x86.Build.0 = Release|Any CPU
		{18E329D9-A203-4C43-BEE0-5D34AAB3E1A5}.Debug|Any CPU.ActiveCfg = Debug|Any CPU
		{18E329D9-A203-4C43-BEE0-5D34AAB3E1A5}.Debug|Any CPU.Build.0 = Debug|Any CPU
		{18E329D9-A203-4C43-BEE0-5D34AAB3E1A5}.Debug|x64.ActiveCfg = Debug|Any CPU
		{18E329D9-A203-4C43-BEE0-5D34AAB3E1A5}.Debug|x64.Build.0 = Debug|Any CPU
		{18E329D9-A203-4C43-BEE0-5D34AAB3E1A5}.Debug|x86.ActiveCfg = Debug|Any CPU
		{18E329D9-A203-4C43-BEE0-5D34AAB3E1A5}.Debug|x86.Build.0 = Debug|Any CPU
		{18E329D9-A203-4C43-BEE0-5D34AAB3E1A5}.Release|Any CPU.ActiveCfg = Release|Any CPU
		{18E329D9-A203-4C43-BEE0-5D34AAB3E1A5}.Release|Any CPU.Build.0 = Release|Any CPU
		{18E329D9-A203-4C43-BEE0-5D34AAB3E1A5}.Release|x64.ActiveCfg = Release|Any CPU
		{18E329D9-A203-4C43-BEE0-5D34AAB3E1A5}.Release|x64.Build.0 = Release|Any CPU
		{18E329D9-A203-4C43-BEE0-5D34AAB3E1A5}.Release|x86.ActiveCfg = Release|Any CPU
		{18E329D9-A203-4C43-BEE0-5D34AAB3E1A5}.Release|x86.Build.0 = Release|Any CPU
		{D017D267-81FD-465C-8860-07DF0B80460F}.Debug|Any CPU.ActiveCfg = Debug|Any CPU
		{D017D267-81FD-465C-8860-07DF0B80460F}.Debug|Any CPU.Build.0 = Debug|Any CPU
		{D017D267-81FD-465C-8860-07DF0B80460F}.Debug|x64.ActiveCfg = Debug|Any CPU
		{D017D267-81FD-465C-8860-07DF0B80460F}.Debug|x64.Build.0 = Debug|Any CPU
		{D017D267-81FD-465C-8860-07DF0B80460F}.Debug|x86.ActiveCfg = Debug|Any CPU
		{D017D267-81FD-465C-8860-07DF0B80460F}.Debug|x86.Build.0 = Debug|Any CPU
		{D017D267-81FD-465C-8860-07DF0B80460F}.Release|Any CPU.ActiveCfg = Release|Any CPU
		{D017D267-81FD-465C-8860-07DF0B80460F}.Release|Any CPU.Build.0 = Release|Any CPU
		{D017D267-81FD-465C-8860-07DF0B80460F}.Release|x64.ActiveCfg = Release|Any CPU
		{D017D267-81FD-465C-8860-07DF0B80460F}.Release|x64.Build.0 = Release|Any CPU
		{D017D267-81FD-465C-8860-07DF0B80460F}.Release|x86.ActiveCfg = Release|Any CPU
		{D017D267-81FD-465C-8860-07DF0B80460F}.Release|x86.Build.0 = Release|Any CPU
		{598EDFE9-AC9B-4C8F-A06D-8148242372C6}.Debug|Any CPU.ActiveCfg = Debug|Any CPU
		{598EDFE9-AC9B-4C8F-A06D-8148242372C6}.Debug|Any CPU.Build.0 = Debug|Any CPU
		{598EDFE9-AC9B-4C8F-A06D-8148242372C6}.Debug|x64.ActiveCfg = Debug|Any CPU
		{598EDFE9-AC9B-4C8F-A06D-8148242372C6}.Debug|x64.Build.0 = Debug|Any CPU
		{598EDFE9-AC9B-4C8F-A06D-8148242372C6}.Debug|x86.ActiveCfg = Debug|Any CPU
		{598EDFE9-AC9B-4C8F-A06D-8148242372C6}.Debug|x86.Build.0 = Debug|Any CPU
		{598EDFE9-AC9B-4C8F-A06D-8148242372C6}.Release|Any CPU.ActiveCfg = Release|Any CPU
		{598EDFE9-AC9B-4C8F-A06D-8148242372C6}.Release|Any CPU.Build.0 = Release|Any CPU
		{598EDFE9-AC9B-4C8F-A06D-8148242372C6}.Release|x64.ActiveCfg = Release|Any CPU
		{598EDFE9-AC9B-4C8F-A06D-8148242372C6}.Release|x64.Build.0 = Release|Any CPU
		{598EDFE9-AC9B-4C8F-A06D-8148242372C6}.Release|x86.ActiveCfg = Release|Any CPU
		{598EDFE9-AC9B-4C8F-A06D-8148242372C6}.Release|x86.Build.0 = Release|Any CPU
		{82E99671-1B39-4EFC-9C31-DAD1C9310476}.Debug|Any CPU.ActiveCfg = Debug|Any CPU
		{82E99671-1B39-4EFC-9C31-DAD1C9310476}.Debug|Any CPU.Build.0 = Debug|Any CPU
		{82E99671-1B39-4EFC-9C31-DAD1C9310476}.Debug|x64.ActiveCfg = Debug|Any CPU
		{82E99671-1B39-4EFC-9C31-DAD1C9310476}.Debug|x64.Build.0 = Debug|Any CPU
		{82E99671-1B39-4EFC-9C31-DAD1C9310476}.Debug|x86.ActiveCfg = Debug|Any CPU
		{82E99671-1B39-4EFC-9C31-DAD1C9310476}.Debug|x86.Build.0 = Debug|Any CPU
		{82E99671-1B39-4EFC-9C31-DAD1C9310476}.Release|Any CPU.ActiveCfg = Release|Any CPU
		{82E99671-1B39-4EFC-9C31-DAD1C9310476}.Release|Any CPU.Build.0 = Release|Any CPU
		{82E99671-1B39-4EFC-9C31-DAD1C9310476}.Release|x64.ActiveCfg = Release|Any CPU
		{82E99671-1B39-4EFC-9C31-DAD1C9310476}.Release|x64.Build.0 = Release|Any CPU
		{82E99671-1B39-4EFC-9C31-DAD1C9310476}.Release|x86.ActiveCfg = Release|Any CPU
		{82E99671-1B39-4EFC-9C31-DAD1C9310476}.Release|x86.Build.0 = Release|Any CPU
		{7B9874E6-10A3-41BB-942B-24938EBAF364}.Debug|Any CPU.ActiveCfg = Debug|Any CPU
		{7B9874E6-10A3-41BB-942B-24938EBAF364}.Debug|Any CPU.Build.0 = Debug|Any CPU
		{7B9874E6-10A3-41BB-942B-24938EBAF364}.Debug|x64.ActiveCfg = Debug|Any CPU
		{7B9874E6-10A3-41BB-942B-24938EBAF364}.Debug|x64.Build.0 = Debug|Any CPU
		{7B9874E6-10A3-41BB-942B-24938EBAF364}.Debug|x86.ActiveCfg = Debug|Any CPU
		{7B9874E6-10A3-41BB-942B-24938EBAF364}.Debug|x86.Build.0 = Debug|Any CPU
		{7B9874E6-10A3-41BB-942B-24938EBAF364}.Release|Any CPU.ActiveCfg = Release|Any CPU
		{7B9874E6-10A3-41BB-942B-24938EBAF364}.Release|Any CPU.Build.0 = Release|Any CPU
		{7B9874E6-10A3-41BB-942B-24938EBAF364}.Release|x64.ActiveCfg = Release|Any CPU
		{7B9874E6-10A3-41BB-942B-24938EBAF364}.Release|x64.Build.0 = Release|Any CPU
		{7B9874E6-10A3-41BB-942B-24938EBAF364}.Release|x86.ActiveCfg = Release|Any CPU
		{7B9874E6-10A3-41BB-942B-24938EBAF364}.Release|x86.Build.0 = Release|Any CPU
		{BC40B88A-18CD-49D5-AD63-3D07AD9FEAAC}.Debug|Any CPU.ActiveCfg = Debug|Any CPU
		{BC40B88A-18CD-49D5-AD63-3D07AD9FEAAC}.Debug|Any CPU.Build.0 = Debug|Any CPU
		{BC40B88A-18CD-49D5-AD63-3D07AD9FEAAC}.Debug|x64.ActiveCfg = Debug|Any CPU
		{BC40B88A-18CD-49D5-AD63-3D07AD9FEAAC}.Debug|x64.Build.0 = Debug|Any CPU
		{BC40B88A-18CD-49D5-AD63-3D07AD9FEAAC}.Debug|x86.ActiveCfg = Debug|Any CPU
		{BC40B88A-18CD-49D5-AD63-3D07AD9FEAAC}.Debug|x86.Build.0 = Debug|Any CPU
		{BC40B88A-18CD-49D5-AD63-3D07AD9FEAAC}.Release|Any CPU.ActiveCfg = Release|Any CPU
		{BC40B88A-18CD-49D5-AD63-3D07AD9FEAAC}.Release|Any CPU.Build.0 = Release|Any CPU
		{BC40B88A-18CD-49D5-AD63-3D07AD9FEAAC}.Release|x64.ActiveCfg = Release|Any CPU
		{BC40B88A-18CD-49D5-AD63-3D07AD9FEAAC}.Release|x64.Build.0 = Release|Any CPU
		{BC40B88A-18CD-49D5-AD63-3D07AD9FEAAC}.Release|x86.ActiveCfg = Release|Any CPU
		{BC40B88A-18CD-49D5-AD63-3D07AD9FEAAC}.Release|x86.Build.0 = Release|Any CPU
		{7380B40E-75C1-4FA6-ACA6-B08F6514055F}.Debug|Any CPU.ActiveCfg = Debug|Any CPU
		{7380B40E-75C1-4FA6-ACA6-B08F6514055F}.Debug|Any CPU.Build.0 = Debug|Any CPU
		{7380B40E-75C1-4FA6-ACA6-B08F6514055F}.Debug|x64.ActiveCfg = Debug|Any CPU
		{7380B40E-75C1-4FA6-ACA6-B08F6514055F}.Debug|x64.Build.0 = Debug|Any CPU
		{7380B40E-75C1-4FA6-ACA6-B08F6514055F}.Debug|x86.ActiveCfg = Debug|Any CPU
		{7380B40E-75C1-4FA6-ACA6-B08F6514055F}.Debug|x86.Build.0 = Debug|Any CPU
		{7380B40E-75C1-4FA6-ACA6-B08F6514055F}.Release|Any CPU.ActiveCfg = Release|Any CPU
		{7380B40E-75C1-4FA6-ACA6-B08F6514055F}.Release|Any CPU.Build.0 = Release|Any CPU
		{7380B40E-75C1-4FA6-ACA6-B08F6514055F}.Release|x64.ActiveCfg = Release|Any CPU
		{7380B40E-75C1-4FA6-ACA6-B08F6514055F}.Release|x64.Build.0 = Release|Any CPU
		{7380B40E-75C1-4FA6-ACA6-B08F6514055F}.Release|x86.ActiveCfg = Release|Any CPU
		{7380B40E-75C1-4FA6-ACA6-B08F6514055F}.Release|x86.Build.0 = Release|Any CPU
		{EF312B0D-9309-4EA4-9573-4CD923D72F69}.Debug|Any CPU.ActiveCfg = Debug|Any CPU
		{EF312B0D-9309-4EA4-9573-4CD923D72F69}.Debug|Any CPU.Build.0 = Debug|Any CPU
		{EF312B0D-9309-4EA4-9573-4CD923D72F69}.Debug|x64.ActiveCfg = Debug|Any CPU
		{EF312B0D-9309-4EA4-9573-4CD923D72F69}.Debug|x64.Build.0 = Debug|Any CPU
		{EF312B0D-9309-4EA4-9573-4CD923D72F69}.Debug|x86.ActiveCfg = Debug|Any CPU
		{EF312B0D-9309-4EA4-9573-4CD923D72F69}.Debug|x86.Build.0 = Debug|Any CPU
		{EF312B0D-9309-4EA4-9573-4CD923D72F69}.Release|Any CPU.ActiveCfg = Release|Any CPU
		{EF312B0D-9309-4EA4-9573-4CD923D72F69}.Release|Any CPU.Build.0 = Release|Any CPU
		{EF312B0D-9309-4EA4-9573-4CD923D72F69}.Release|x64.ActiveCfg = Release|Any CPU
		{EF312B0D-9309-4EA4-9573-4CD923D72F69}.Release|x64.Build.0 = Release|Any CPU
		{EF312B0D-9309-4EA4-9573-4CD923D72F69}.Release|x86.ActiveCfg = Release|Any CPU
		{EF312B0D-9309-4EA4-9573-4CD923D72F69}.Release|x86.Build.0 = Release|Any CPU
		{ABF33F1D-5010-4833-9F4C-D7C2E27CE82A}.Debug|Any CPU.ActiveCfg = Debug|Any CPU
		{ABF33F1D-5010-4833-9F4C-D7C2E27CE82A}.Debug|Any CPU.Build.0 = Debug|Any CPU
		{ABF33F1D-5010-4833-9F4C-D7C2E27CE82A}.Debug|x64.ActiveCfg = Debug|Any CPU
		{ABF33F1D-5010-4833-9F4C-D7C2E27CE82A}.Debug|x64.Build.0 = Debug|Any CPU
		{ABF33F1D-5010-4833-9F4C-D7C2E27CE82A}.Debug|x86.ActiveCfg = Debug|Any CPU
		{ABF33F1D-5010-4833-9F4C-D7C2E27CE82A}.Debug|x86.Build.0 = Debug|Any CPU
		{ABF33F1D-5010-4833-9F4C-D7C2E27CE82A}.Release|Any CPU.ActiveCfg = Release|Any CPU
		{ABF33F1D-5010-4833-9F4C-D7C2E27CE82A}.Release|Any CPU.Build.0 = Release|Any CPU
		{ABF33F1D-5010-4833-9F4C-D7C2E27CE82A}.Release|x64.ActiveCfg = Release|Any CPU
		{ABF33F1D-5010-4833-9F4C-D7C2E27CE82A}.Release|x64.Build.0 = Release|Any CPU
		{ABF33F1D-5010-4833-9F4C-D7C2E27CE82A}.Release|x86.ActiveCfg = Release|Any CPU
		{ABF33F1D-5010-4833-9F4C-D7C2E27CE82A}.Release|x86.Build.0 = Release|Any CPU
		{5DEAFD57-9492-4C69-9E90-155B7FEBE1C4}.Debug|Any CPU.ActiveCfg = Debug|Any CPU
		{5DEAFD57-9492-4C69-9E90-155B7FEBE1C4}.Debug|Any CPU.Build.0 = Debug|Any CPU
		{5DEAFD57-9492-4C69-9E90-155B7FEBE1C4}.Debug|x64.ActiveCfg = Debug|Any CPU
		{5DEAFD57-9492-4C69-9E90-155B7FEBE1C4}.Debug|x64.Build.0 = Debug|Any CPU
		{5DEAFD57-9492-4C69-9E90-155B7FEBE1C4}.Debug|x86.ActiveCfg = Debug|Any CPU
		{5DEAFD57-9492-4C69-9E90-155B7FEBE1C4}.Debug|x86.Build.0 = Debug|Any CPU
		{5DEAFD57-9492-4C69-9E90-155B7FEBE1C4}.Release|Any CPU.ActiveCfg = Release|Any CPU
		{5DEAFD57-9492-4C69-9E90-155B7FEBE1C4}.Release|Any CPU.Build.0 = Release|Any CPU
		{5DEAFD57-9492-4C69-9E90-155B7FEBE1C4}.Release|x64.ActiveCfg = Release|Any CPU
		{5DEAFD57-9492-4C69-9E90-155B7FEBE1C4}.Release|x64.Build.0 = Release|Any CPU
		{5DEAFD57-9492-4C69-9E90-155B7FEBE1C4}.Release|x86.ActiveCfg = Release|Any CPU
		{5DEAFD57-9492-4C69-9E90-155B7FEBE1C4}.Release|x86.Build.0 = Release|Any CPU
	EndGlobalSection
	GlobalSection(SolutionProperties) = preSolution
		HideSolutionNode = FALSE
	EndGlobalSection
	GlobalSection(NestedProjects) = preSolution
		{443F841E-0CC5-4682-AC7E-61024045B95B} = {93FB3BFD-FB0F-40BF-9B97-CDC4E6E100F7}
		{35AD45E6-48A4-41E6-BD1B-4F94E4F7F6AE} = {93FB3BFD-FB0F-40BF-9B97-CDC4E6E100F7}
		{1F6CBFC6-43DA-493A-B86F-1247D90579AA} = {93FB3BFD-FB0F-40BF-9B97-CDC4E6E100F7}
		{3171BA9B-0EAA-4441-9FAF-D9124BF04B19} = {443F841E-0CC5-4682-AC7E-61024045B95B}
		{14B8D9B1-993F-46A7-947E-4EDD900658DA} = {443F841E-0CC5-4682-AC7E-61024045B95B}
		{8CE675D7-4EA2-4353-8705-0D337F9CB810} = {443F841E-0CC5-4682-AC7E-61024045B95B}
		{263B2BC5-F9D7-4B27-A4DB-8D21C6A9379D} = {35AD45E6-48A4-41E6-BD1B-4F94E4F7F6AE}
		{B6B4365B-E66E-417E-BD51-9C92026C11CF} = {3171BA9B-0EAA-4441-9FAF-D9124BF04B19}
		{14CBF6B2-1750-401E-94D0-D9D4F8AAF2F2} = {3171BA9B-0EAA-4441-9FAF-D9124BF04B19}
		{90905A0B-84AB-4CE5-8DDD-10B47ECA06BE} = {14B8D9B1-993F-46A7-947E-4EDD900658DA}
		{CC0229CF-B6DC-43D6-B74C-A3854BFD0A1A} = {8CE675D7-4EA2-4353-8705-0D337F9CB810}
		{6E644F86-C68C-4581-A89A-D14D348EAB6F} = {1F6CBFC6-43DA-493A-B86F-1247D90579AA}
		{18E329D9-A203-4C43-BEE0-5D34AAB3E1A5} = {1F6CBFC6-43DA-493A-B86F-1247D90579AA}
		{2B253600-C6D2-4EC5-AA7D-BD80D8BDDAC2} = {93FB3BFD-FB0F-40BF-9B97-CDC4E6E100F7}
		{E58D40AB-4D3E-40B1-A549-A63AF11A2FC2} = {2B253600-C6D2-4EC5-AA7D-BD80D8BDDAC2}
		{D017D267-81FD-465C-8860-07DF0B80460F} = {E58D40AB-4D3E-40B1-A549-A63AF11A2FC2}
		{598EDFE9-AC9B-4C8F-A06D-8148242372C6} = {E58D40AB-4D3E-40B1-A549-A63AF11A2FC2}
		{82E99671-1B39-4EFC-9C31-DAD1C9310476} = {E58D40AB-4D3E-40B1-A549-A63AF11A2FC2}
		{7B9874E6-10A3-41BB-942B-24938EBAF364} = {E58D40AB-4D3E-40B1-A549-A63AF11A2FC2}
		{BC40B88A-18CD-49D5-AD63-3D07AD9FEAAC} = {E58D40AB-4D3E-40B1-A549-A63AF11A2FC2}
		{CE1D106F-04A4-4666-BC4D-C03ACC787260} = {2B253600-C6D2-4EC5-AA7D-BD80D8BDDAC2}
		{7380B40E-75C1-4FA6-ACA6-B08F6514055F} = {CE1D106F-04A4-4666-BC4D-C03ACC787260}
		{568CA85E-4038-4F17-90B5-1971891AA708} = {93FB3BFD-FB0F-40BF-9B97-CDC4E6E100F7}
		{EF312B0D-9309-4EA4-9573-4CD923D72F69} = {568CA85E-4038-4F17-90B5-1971891AA708}
		{ABF33F1D-5010-4833-9F4C-D7C2E27CE82A} = {568CA85E-4038-4F17-90B5-1971891AA708}
		{5DEAFD57-9492-4C69-9E90-155B7FEBE1C4} = {568CA85E-4038-4F17-90B5-1971891AA708}
	EndGlobalSection
	GlobalSection(ExtensibilityGlobals) = postSolution
		SolutionGuid = {1A27C411-E1D1-410C-BC76-B9DCB832BFEE}
	EndGlobalSection
EndGlobal
